{
  "name": "bomberman",
  "version": "1.0.0",
  "lockfileVersion": 2,
  "requires": true,
  "packages": {
    "": {
      "name": "bomberman",
      "version": "1.0.0",
      "license": "ISC",
      "dependencies": {
        "dosemu": "*"
      }
    },
    "node_modules/dosemu": {
      "version": "1.2.0",
      "resolved": "https://registry.npmjs.org/dosemu/-/dosemu-1.2.0.tgz",
      "integrity": "sha512-NP91vWgFzsgOSfTtTymkFv2cklZQ5ScjYN8yU0HpWvj5CpInkwCpsywdO1wmurit+KerlfGG70/zomV5XQEohA==",
      "hasInstallScript": true,
      "bin": {
        "midiconv": "tools/midiconv/midiconv.js",
        "spriteconv": "tools/spriteconv/spriteconv.js"
      }
    }
  },
  "dependencies": {
    "dosemu": {
      "version": "1.2.0",
      "resolved": "https://registry.npmjs.org/dosemu/-/dosemu-1.2.0.tgz",
      "integrity": "sha512-NP91vWgFzsgOSfTtTymkFv2cklZQ5ScjYN8yU0HpWvj5CpInkwCpsywdO1wmurit+KerlfGG70/zomV5XQEohA=="
    }
  }
}
