{
  "name": "bomberman-common",
  "version": "1.0.0",
  "lockfileVersion": 2,
  "requires": true,
  "packages": {
    "": {
      "name": "bomberman-common",
      "version": "1.0.0",
      "license": "ISC",
      "dependencies": {
        "dosemu": "*"
      }
    },
    "node_modules/dosemu": {
      "version": "1.2.1",
      "resolved": "https://registry.npmjs.org/dosemu/-/dosemu-1.2.1.tgz",
      "integrity": "sha512-o086q8ehbq6Tayv7ln0X8vflYMywK+f/h9LN8GgIqYIjqeKrT3x91e2gIyTO6TkVoN8huWV+4kO5X8pqS/yHMg==",
      "hasInstallScript": true,
      "bin": {
        "midiconv": "tools/midiconv/midiconv.js",
        "spriteconv": "tools/spriteconv/spriteconv.js"
      }
    }
  },
  "dependencies": {
    "dosemu": {
      "version": "1.2.1",
      "resolved": "https://registry.npmjs.org/dosemu/-/dosemu-1.2.1.tgz",
      "integrity": "sha512-o086q8ehbq6Tayv7ln0X8vflYMywK+f/h9LN8GgIqYIjqeKrT3x91e2gIyTO6TkVoN8huWV+4kO5X8pqS/yHMg=="
    }
  }
}
